
Microsoft Visual Studio Solution File, Format Version 12.00
# Visual Studio Version 17
VisualStudioVersion = 17.5.2.0
MinimumVisualStudioVersion = 10.0.40219.1
Project("{2150E333-8FDC-42A3-9474-1A3956D46DE8}") = "Loose_TightCoupling", "Loose_TightCoupling", "{095297DD-7E59-39B0-4485-9E20BDAB8DD3}"
EndProject
Project("{FAE04EC0-301F-11D3-BF4B-00C04F79EFBC}") = "Example.Business", "Loose_TightCoupling\Example.Business\Example.Business.csproj", "{3EFFF6FF-4974-7DAD-7A47-3454810B7C64}"
EndProject
Project("{FAE04EC0-301F-11D3-BF4B-00C04F79EFBC}") = "ExampleApi", "Loose_TightCoupling\ExampleApi\ExampleApi.csproj", "{6D5BA26C-B3E4-1B53-6C18-4338AECD06A1}"
EndProject
Project("{2150E333-8FDC-42A3-9474-1A3956D46DE8}") = "Patterns", "Patterns", "{A1B3DA4F-7E4D-9C63-7271-7C9E534D4ACE}"
EndProject
Project("{FAE04EC0-301F-11D3-BF4B-00C04F79EFBC}") = "sagaapi", "Patterns\sagaapi\sagaapi.csproj", "{F9F0AA16-DDAA-44BF-B35E-66350AA12123}"
EndProject
Project("{2150E333-8FDC-42A3-9474-1A3956D46DE8}") = "RetryPatterns", "RetryPatterns", "{4834DEED-D912-4C62-00B2-BFDCE46F1969}"
EndProject
Project("{FAE04EC0-301F-11D3-BF4B-00C04F79EFBC}") = "OrderApi", "RetryPatterns\OrderApi\OrderApi.csproj", "{F8B57E38-FC0F-4CC5-B9CB-65C23DCC8122}"
EndProject
Project("{FAE04EC0-301F-11D3-BF4B-00C04F79EFBC}") = "PaymentApi", "RetryPatterns\PaymentApi\PaymentApi.csproj", "{EB5EE8F9-9F3E-4A4D-A4F4-D18EA75B013C}"
EndProject
Project("{FAE04EC0-301F-11D3-BF4B-00C04F79EFBC}") = "EventSourcingApi", "EventSourcingApi\EventSourcingApi.csproj", "{9482E7AF-106D-4C94-889D-44F9825D44AB}"
EndProject
Project("{FAE04EC0-301F-11D3-BF4B-00C04F79EFBC}") = "CQRSPattern", "CQRSPattern\CQRSPattern.csproj", "{DDB02A81-2FD9-499D-8B9D-64A549639C9C}"
EndProject
Project("{2150E333-8FDC-42A3-9474-1A3956D46DE8}") = "SidecarPattern", "SidecarPattern", "{977FD876-226F-4E12-496E-C20DD61C8F54}"
EndProject
Project("{FAE04EC0-301F-11D3-BF4B-00C04F79EFBC}") = "MainApp", "Patterns\SidecarPattern\MainApp\MainApp.csproj", "{8A7AA551-B239-4563-95EA-739108256CCF}"
EndProject
Project("{FAE04EC0-301F-11D3-BF4B-00C04F79EFBC}") = "LogSidecar", "Patterns\SidecarPattern\LogSidecar\LogSidecar.csproj", "{D80DF9F7-9286-4B81-9262-098AE4253074}"
EndProject
Project("{2150E333-8FDC-42A3-9474-1A3956D46DE8}") = "ServiceRegisteration", "ServiceRegisteration", "{3B5D37C4-14E9-98C2-EA43-CA1FE4307D5C}"
EndProject
Project("{FAE04EC0-301F-11D3-BF4B-00C04F79EFBC}") = "PaymentApi", "ServiceRegisteration\PaymentApi\PaymentApi.csproj", "{2A60ED08-DF6A-465A-9278-3E7A29DD19D7}"
EndProject
Project("{FAE04EC0-301F-11D3-BF4B-00C04F79EFBC}") = "OrderApi", "ServiceRegisteration\OrderApi\OrderApi.csproj", "{31F49B7B-4D8F-4D5E-9FD4-AD4DE0A29C98}"
EndProject
Project("{FAE04EC0-301F-11D3-BF4B-00C04F79EFBC}") = "ApiGateway", "ApiGateway\ApiGateway.csproj", "{F603280A-30F5-4E9E-8FAE-F3B347D5F175}"
EndProject
Project("{2150E333-8FDC-42A3-9474-1A3956D46DE8}") = "MessageBroker", "MessageBroker", "{B96CCE08-1C38-8A9E-7DA8-FF947380B7BC}"
EndProject
Project("{FAE04EC0-301F-11D3-BF4B-00C04F79EFBC}") = "OrderApi", "MessageBroker\OrderApi\OrderApi.csproj", "{EED5E2E1-3CCB-4F3F-BA54-EFBE524CC7EB}"
EndProject
Project("{FAE04EC0-301F-11D3-BF4B-00C04F79EFBC}") = "PaymentApi", "MessageBroker\PaymentApi\PaymentApi.csproj", "{F423D69E-199B-4F93-BE98-C6BE6B89F674}"
EndProject
Project("{2150E333-8FDC-42A3-9474-1A3956D46DE8}") = "LogAggregator", "LogAggregator", "{3B29669B-F5DF-6FC0-8B71-3E0628FFB2E3}"
EndProject
Project("{FAE04EC0-301F-11D3-BF4B-00C04F79EFBC}") = "OrderApi", "LogAggregator\OrderApi\OrderApi.csproj", "{3483CAB2-D18C-4392-95FA-ACF8D136DB9B}"
EndProject
Project("{2150E333-8FDC-42A3-9474-1A3956D46DE8}") = "ContainerOrchestrator", "ContainerOrchestrator", "{D69920D8-D363-8EAD-A566-BB804A3AA91B}"
EndProject
Project("{FAE04EC0-301F-11D3-BF4B-00C04F79EFBC}") = "OrderService", "ContainerOrchestrator\OrderService\OrderService.csproj", "{39E7A70D-8C1B-45C9-B52E-B0D6F531E133}"
EndProject
Project("{FAE04EC0-301F-11D3-BF4B-00C04F79EFBC}") = "PaymentService", "ContainerOrchestrator\PaymentService\PaymentService.csproj", "{DDF59E66-198A-44C5-83DB-285BA8FB65AA}"
EndProject
Project("{FAE04EC0-301F-11D3-BF4B-00C04F79EFBC}") = "ProductService", "ContainerOrchestrator\ProductService\ProductService.csproj", "{8485BDD0-A047-4B97-9A2B-CF56B6F41268}"
EndProject
Global
	GlobalSection(SolutionConfigurationPlatforms) = preSolution
		Debug|Any CPU = Debug|Any CPU
		Debug|x64 = Debug|x64
		Debug|x86 = Debug|x86
		Release|Any CPU = Release|Any CPU
		Release|x64 = Release|x64
		Release|x86 = Release|x86
	EndGlobalSection
	GlobalSection(ProjectConfigurationPlatforms) = postSolution
		{3EFFF6FF-4974-7DAD-7A47-3454810B7C64}.Debug|Any CPU.ActiveCfg = Debug|Any CPU
		{3EFFF6FF-4974-7DAD-7A47-3454810B7C64}.Debug|Any CPU.Build.0 = Debug|Any CPU
		{3EFFF6FF-4974-7DAD-7A47-3454810B7C64}.Debug|x64.ActiveCfg = Debug|Any CPU
		{3EFFF6FF-4974-7DAD-7A47-3454810B7C64}.Debug|x64.Build.0 = Debug|Any CPU
		{3EFFF6FF-4974-7DAD-7A47-3454810B7C64}.Debug|x86.ActiveCfg = Debug|Any CPU
		{3EFFF6FF-4974-7DAD-7A47-3454810B7C64}.Debug|x86.Build.0 = Debug|Any CPU
		{3EFFF6FF-4974-7DAD-7A47-3454810B7C64}.Release|Any CPU.ActiveCfg = Release|Any CPU
		{3EFFF6FF-4974-7DAD-7A47-3454810B7C64}.Release|Any CPU.Build.0 = Release|Any CPU
		{3EFFF6FF-4974-7DAD-7A47-3454810B7C64}.Release|x64.ActiveCfg = Release|Any CPU
		{3EFFF6FF-4974-7DAD-7A47-3454810B7C64}.Release|x64.Build.0 = Release|Any CPU
		{3EFFF6FF-4974-7DAD-7A47-3454810B7C64}.Release|x86.ActiveCfg = Release|Any CPU
		{3EFFF6FF-4974-7DAD-7A47-3454810B7C64}.Release|x86.Build.0 = Release|Any CPU
		{6D5BA26C-B3E4-1B53-6C18-4338AECD06A1}.Debug|Any CPU.ActiveCfg = Debug|Any CPU
		{6D5BA26C-B3E4-1B53-6C18-4338AECD06A1}.Debug|Any CPU.Build.0 = Debug|Any CPU
		{6D5BA26C-B3E4-1B53-6C18-4338AECD06A1}.Debug|x64.ActiveCfg = Debug|Any CPU
		{6D5BA26C-B3E4-1B53-6C18-4338AECD06A1}.Debug|x64.Build.0 = Debug|Any CPU
		{6D5BA26C-B3E4-1B53-6C18-4338AECD06A1}.Debug|x86.ActiveCfg = Debug|Any CPU
		{6D5BA26C-B3E4-1B53-6C18-4338AECD06A1}.Debug|x86.Build.0 = Debug|Any CPU
		{6D5BA26C-B3E4-1B53-6C18-4338AECD06A1}.Release|Any CPU.ActiveCfg = Release|Any CPU
		{6D5BA26C-B3E4-1B53-6C18-4338AECD06A1}.Release|Any CPU.Build.0 = Release|Any CPU
		{6D5BA26C-B3E4-1B53-6C18-4338AECD06A1}.Release|x64.ActiveCfg = Release|Any CPU
		{6D5BA26C-B3E4-1B53-6C18-4338AECD06A1}.Release|x64.Build.0 = Release|Any CPU
		{6D5BA26C-B3E4-1B53-6C18-4338AECD06A1}.Release|x86.ActiveCfg = Release|Any CPU
		{6D5BA26C-B3E4-1B53-6C18-4338AECD06A1}.Release|x86.Build.0 = Release|Any CPU
		{F9F0AA16-DDAA-44BF-B35E-66350AA12123}.Debug|Any CPU.ActiveCfg = Debug|Any CPU
		{F9F0AA16-DDAA-44BF-B35E-66350AA12123}.Debug|Any CPU.Build.0 = Debug|Any CPU
		{F9F0AA16-DDAA-44BF-B35E-66350AA12123}.Debug|x64.ActiveCfg = Debug|Any CPU
		{F9F0AA16-DDAA-44BF-B35E-66350AA12123}.Debug|x64.Build.0 = Debug|Any CPU
		{F9F0AA16-DDAA-44BF-B35E-66350AA12123}.Debug|x86.ActiveCfg = Debug|Any CPU
		{F9F0AA16-DDAA-44BF-B35E-66350AA12123}.Debug|x86.Build.0 = Debug|Any CPU
		{F9F0AA16-DDAA-44BF-B35E-66350AA12123}.Release|Any CPU.ActiveCfg = Release|Any CPU
		{F9F0AA16-DDAA-44BF-B35E-66350AA12123}.Release|Any CPU.Build.0 = Release|Any CPU
		{F9F0AA16-DDAA-44BF-B35E-66350AA12123}.Release|x64.ActiveCfg = Release|Any CPU
		{F9F0AA16-DDAA-44BF-B35E-66350AA12123}.Release|x64.Build.0 = Release|Any CPU
		{F9F0AA16-DDAA-44BF-B35E-66350AA12123}.Release|x86.ActiveCfg = Release|Any CPU
		{F9F0AA16-DDAA-44BF-B35E-66350AA12123}.Release|x86.Build.0 = Release|Any CPU
		{F8B57E38-FC0F-4CC5-B9CB-65C23DCC8122}.Debug|Any CPU.ActiveCfg = Debug|Any CPU
		{F8B57E38-FC0F-4CC5-B9CB-65C23DCC8122}.Debug|Any CPU.Build.0 = Debug|Any CPU
		{F8B57E38-FC0F-4CC5-B9CB-65C23DCC8122}.Debug|x64.ActiveCfg = Debug|Any CPU
		{F8B57E38-FC0F-4CC5-B9CB-65C23DCC8122}.Debug|x64.Build.0 = Debug|Any CPU
		{F8B57E38-FC0F-4CC5-B9CB-65C23DCC8122}.Debug|x86.ActiveCfg = Debug|Any CPU
		{F8B57E38-FC0F-4CC5-B9CB-65C23DCC8122}.Debug|x86.Build.0 = Debug|Any CPU
		{F8B57E38-FC0F-4CC5-B9CB-65C23DCC8122}.Release|Any CPU.ActiveCfg = Release|Any CPU
		{F8B57E38-FC0F-4CC5-B9CB-65C23DCC8122}.Release|Any CPU.Build.0 = Release|Any CPU
		{F8B57E38-FC0F-4CC5-B9CB-65C23DCC8122}.Release|x64.ActiveCfg = Release|Any CPU
		{F8B57E38-FC0F-4CC5-B9CB-65C23DCC8122}.Release|x64.Build.0 = Release|Any CPU
		{F8B57E38-FC0F-4CC5-B9CB-65C23DCC8122}.Release|x86.ActiveCfg = Release|Any CPU
		{F8B57E38-FC0F-4CC5-B9CB-65C23DCC8122}.Release|x86.Build.0 = Release|Any CPU
		{EB5EE8F9-9F3E-4A4D-A4F4-D18EA75B013C}.Debug|Any CPU.ActiveCfg = Debug|Any CPU
		{EB5EE8F9-9F3E-4A4D-A4F4-D18EA75B013C}.Debug|Any CPU.Build.0 = Debug|Any CPU
		{EB5EE8F9-9F3E-4A4D-A4F4-D18EA75B013C}.Debug|x64.ActiveCfg = Debug|Any CPU
		{EB5EE8F9-9F3E-4A4D-A4F4-D18EA75B013C}.Debug|x64.Build.0 = Debug|Any CPU
		{EB5EE8F9-9F3E-4A4D-A4F4-D18EA75B013C}.Debug|x86.ActiveCfg = Debug|Any CPU
		{EB5EE8F9-9F3E-4A4D-A4F4-D18EA75B013C}.Debug|x86.Build.0 = Debug|Any CPU
		{EB5EE8F9-9F3E-4A4D-A4F4-D18EA75B013C}.Release|Any CPU.ActiveCfg = Release|Any CPU
		{EB5EE8F9-9F3E-4A4D-A4F4-D18EA75B013C}.Release|Any CPU.Build.0 = Release|Any CPU
		{EB5EE8F9-9F3E-4A4D-A4F4-D18EA75B013C}.Release|x64.ActiveCfg = Release|Any CPU
		{EB5EE8F9-9F3E-4A4D-A4F4-D18EA75B013C}.Release|x64.Build.0 = Release|Any CPU
		{EB5EE8F9-9F3E-4A4D-A4F4-D18EA75B013C}.Release|x86.ActiveCfg = Release|Any CPU
		{EB5EE8F9-9F3E-4A4D-A4F4-D18EA75B013C}.Release|x86.Build.0 = Release|Any CPU
		{9482E7AF-106D-4C94-889D-44F9825D44AB}.Debug|Any CPU.ActiveCfg = Debug|Any CPU
		{9482E7AF-106D-4C94-889D-44F9825D44AB}.Debug|Any CPU.Build.0 = Debug|Any CPU
		{9482E7AF-106D-4C94-889D-44F9825D44AB}.Debug|x64.ActiveCfg = Debug|Any CPU
		{9482E7AF-106D-4C94-889D-44F9825D44AB}.Debug|x64.Build.0 = Debug|Any CPU
		{9482E7AF-106D-4C94-889D-44F9825D44AB}.Debug|x86.ActiveCfg = Debug|Any CPU
		{9482E7AF-106D-4C94-889D-44F9825D44AB}.Debug|x86.Build.0 = Debug|Any CPU
		{9482E7AF-106D-4C94-889D-44F9825D44AB}.Release|Any CPU.ActiveCfg = Release|Any CPU
		{9482E7AF-106D-4C94-889D-44F9825D44AB}.Release|Any CPU.Build.0 = Release|Any CPU
		{9482E7AF-106D-4C94-889D-44F9825D44AB}.Release|x64.ActiveCfg = Release|Any CPU
		{9482E7AF-106D-4C94-889D-44F9825D44AB}.Release|x64.Build.0 = Release|Any CPU
		{9482E7AF-106D-4C94-889D-44F9825D44AB}.Release|x86.ActiveCfg = Release|Any CPU
		{9482E7AF-106D-4C94-889D-44F9825D44AB}.Release|x86.Build.0 = Release|Any CPU
		{DDB02A81-2FD9-499D-8B9D-64A549639C9C}.Debug|Any CPU.ActiveCfg = Debug|Any CPU
		{DDB02A81-2FD9-499D-8B9D-64A549639C9C}.Debug|Any CPU.Build.0 = Debug|Any CPU
		{DDB02A81-2FD9-499D-8B9D-64A549639C9C}.Debug|x64.ActiveCfg = Debug|Any CPU
		{DDB02A81-2FD9-499D-8B9D-64A549639C9C}.Debug|x64.Build.0 = Debug|Any CPU
		{DDB02A81-2FD9-499D-8B9D-64A549639C9C}.Debug|x86.ActiveCfg = Debug|Any CPU
		{DDB02A81-2FD9-499D-8B9D-64A549639C9C}.Debug|x86.Build.0 = Debug|Any CPU
		{DDB02A81-2FD9-499D-8B9D-64A549639C9C}.Release|Any CPU.ActiveCfg = Release|Any CPU
		{DDB02A81-2FD9-499D-8B9D-64A549639C9C}.Release|Any CPU.Build.0 = Release|Any CPU
		{DDB02A81-2FD9-499D-8B9D-64A549639C9C}.Release|x64.ActiveCfg = Release|Any CPU
		{DDB02A81-2FD9-499D-8B9D-64A549639C9C}.Release|x64.Build.0 = Release|Any CPU
		{DDB02A81-2FD9-499D-8B9D-64A549639C9C}.Release|x86.ActiveCfg = Release|Any CPU
		{DDB02A81-2FD9-499D-8B9D-64A549639C9C}.Release|x86.Build.0 = Release|Any CPU
		{8A7AA551-B239-4563-95EA-739108256CCF}.Debug|Any CPU.ActiveCfg = Debug|Any CPU
		{8A7AA551-B239-4563-95EA-739108256CCF}.Debug|Any CPU.Build.0 = Debug|Any CPU
		{8A7AA551-B239-4563-95EA-739108256CCF}.Debug|x64.ActiveCfg = Debug|Any CPU
		{8A7AA551-B239-4563-95EA-739108256CCF}.Debug|x64.Build.0 = Debug|Any CPU
		{8A7AA551-B239-4563-95EA-739108256CCF}.Debug|x86.ActiveCfg = Debug|Any CPU
		{8A7AA551-B239-4563-95EA-739108256CCF}.Debug|x86.Build.0 = Debug|Any CPU
		{8A7AA551-B239-4563-95EA-739108256CCF}.Release|Any CPU.ActiveCfg = Release|Any CPU
		{8A7AA551-B239-4563-95EA-739108256CCF}.Release|Any CPU.Build.0 = Release|Any CPU
		{8A7AA551-B239-4563-95EA-739108256CCF}.Release|x64.ActiveCfg = Release|Any CPU
		{8A7AA551-B239-4563-95EA-739108256CCF}.Release|x64.Build.0 = Release|Any CPU
		{8A7AA551-B239-4563-95EA-739108256CCF}.Release|x86.ActiveCfg = Release|Any CPU
		{8A7AA551-B239-4563-95EA-739108256CCF}.Release|x86.Build.0 = Release|Any CPU
		{D80DF9F7-9286-4B81-9262-098AE4253074}.Debug|Any CPU.ActiveCfg = Debug|Any CPU
		{D80DF9F7-9286-4B81-9262-098AE4253074}.Debug|Any CPU.Build.0 = Debug|Any CPU
		{D80DF9F7-9286-4B81-9262-098AE4253074}.Debug|x64.ActiveCfg = Debug|Any CPU
		{D80DF9F7-9286-4B81-9262-098AE4253074}.Debug|x64.Build.0 = Debug|Any CPU
		{D80DF9F7-9286-4B81-9262-098AE4253074}.Debug|x86.ActiveCfg = Debug|Any CPU
		{D80DF9F7-9286-4B81-9262-098AE4253074}.Debug|x86.Build.0 = Debug|Any CPU
		{D80DF9F7-9286-4B81-9262-098AE4253074}.Release|Any CPU.ActiveCfg = Release|Any CPU
		{D80DF9F7-9286-4B81-9262-098AE4253074}.Release|Any CPU.Build.0 = Release|Any CPU
		{D80DF9F7-9286-4B81-9262-098AE4253074}.Release|x64.ActiveCfg = Release|Any CPU
		{D80DF9F7-9286-4B81-9262-098AE4253074}.Release|x64.Build.0 = Release|Any CPU
		{D80DF9F7-9286-4B81-9262-098AE4253074}.Release|x86.ActiveCfg = Release|Any CPU
		{D80DF9F7-9286-4B81-9262-098AE4253074}.Release|x86.Build.0 = Release|Any CPU
		{2A60ED08-DF6A-465A-9278-3E7A29DD19D7}.Debug|Any CPU.ActiveCfg = Debug|Any CPU
		{2A60ED08-DF6A-465A-9278-3E7A29DD19D7}.Debug|Any CPU.Build.0 = Debug|Any CPU
		{2A60ED08-DF6A-465A-9278-3E7A29DD19D7}.Debug|x64.ActiveCfg = Debug|Any CPU
		{2A60ED08-DF6A-465A-9278-3E7A29DD19D7}.Debug|x64.Build.0 = Debug|Any CPU
		{2A60ED08-DF6A-465A-9278-3E7A29DD19D7}.Debug|x86.ActiveCfg = Debug|Any CPU
		{2A60ED08-DF6A-465A-9278-3E7A29DD19D7}.Debug|x86.Build.0 = Debug|Any CPU
		{2A60ED08-DF6A-465A-9278-3E7A29DD19D7}.Release|Any CPU.ActiveCfg = Release|Any CPU
		{2A60ED08-DF6A-465A-9278-3E7A29DD19D7}.Release|Any CPU.Build.0 = Release|Any CPU
		{2A60ED08-DF6A-465A-9278-3E7A29DD19D7}.Release|x64.ActiveCfg = Release|Any CPU
		{2A60ED08-DF6A-465A-9278-3E7A29DD19D7}.Release|x64.Build.0 = Release|Any CPU
		{2A60ED08-DF6A-465A-9278-3E7A29DD19D7}.Release|x86.ActiveCfg = Release|Any CPU
		{2A60ED08-DF6A-465A-9278-3E7A29DD19D7}.Release|x86.Build.0 = Release|Any CPU
		{31F49B7B-4D8F-4D5E-9FD4-AD4DE0A29C98}.Debug|Any CPU.ActiveCfg = Debug|Any CPU
		{31F49B7B-4D8F-4D5E-9FD4-AD4DE0A29C98}.Debug|Any CPU.Build.0 = Debug|Any CPU
		{31F49B7B-4D8F-4D5E-9FD4-AD4DE0A29C98}.Debug|x64.ActiveCfg = Debug|Any CPU
		{31F49B7B-4D8F-4D5E-9FD4-AD4DE0A29C98}.Debug|x64.Build.0 = Debug|Any CPU
		{31F49B7B-4D8F-4D5E-9FD4-AD4DE0A29C98}.Debug|x86.ActiveCfg = Debug|Any CPU
		{31F49B7B-4D8F-4D5E-9FD4-AD4DE0A29C98}.Debug|x86.Build.0 = Debug|Any CPU
		{31F49B7B-4D8F-4D5E-9FD4-AD4DE0A29C98}.Release|Any CPU.ActiveCfg = Release|Any CPU
		{31F49B7B-4D8F-4D5E-9FD4-AD4DE0A29C98}.Release|Any CPU.Build.0 = Release|Any CPU
		{31F49B7B-4D8F-4D5E-9FD4-AD4DE0A29C98}.Release|x64.ActiveCfg = Release|Any CPU
		{31F49B7B-4D8F-4D5E-9FD4-AD4DE0A29C98}.Release|x64.Build.0 = Release|Any CPU
		{31F49B7B-4D8F-4D5E-9FD4-AD4DE0A29C98}.Release|x86.ActiveCfg = Release|Any CPU
		{31F49B7B-4D8F-4D5E-9FD4-AD4DE0A29C98}.Release|x86.Build.0 = Release|Any CPU
		{F603280A-30F5-4E9E-8FAE-F3B347D5F175}.Debug|Any CPU.ActiveCfg = Debug|Any CPU
		{F603280A-30F5-4E9E-8FAE-F3B347D5F175}.Debug|Any CPU.Build.0 = Debug|Any CPU
		{F603280A-30F5-4E9E-8FAE-F3B347D5F175}.Debug|x64.ActiveCfg = Debug|Any CPU
		{F603280A-30F5-4E9E-8FAE-F3B347D5F175}.Debug|x64.Build.0 = Debug|Any CPU
		{F603280A-30F5-4E9E-8FAE-F3B347D5F175}.Debug|x86.ActiveCfg = Debug|Any CPU
		{F603280A-30F5-4E9E-8FAE-F3B347D5F175}.Debug|x86.Build.0 = Debug|Any CPU
		{F603280A-30F5-4E9E-8FAE-F3B347D5F175}.Release|Any CPU.ActiveCfg = Release|Any CPU
		{F603280A-30F5-4E9E-8FAE-F3B347D5F175}.Release|Any CPU.Build.0 = Release|Any CPU
		{F603280A-30F5-4E9E-8FAE-F3B347D5F175}.Release|x64.ActiveCfg = Release|Any CPU
		{F603280A-30F5-4E9E-8FAE-F3B347D5F175}.Release|x64.Build.0 = Release|Any CPU
		{F603280A-30F5-4E9E-8FAE-F3B347D5F175}.Release|x86.ActiveCfg = Release|Any CPU
		{F603280A-30F5-4E9E-8FAE-F3B347D5F175}.Release|x86.Build.0 = Release|Any CPU
		{EED5E2E1-3CCB-4F3F-BA54-EFBE524CC7EB}.Debug|Any CPU.ActiveCfg = Debug|Any CPU
		{EED5E2E1-3CCB-4F3F-BA54-EFBE524CC7EB}.Debug|Any CPU.Build.0 = Debug|Any CPU
		{EED5E2E1-3CCB-4F3F-BA54-EFBE524CC7EB}.Debug|x64.ActiveCfg = Debug|Any CPU
		{EED5E2E1-3CCB-4F3F-BA54-EFBE524CC7EB}.Debug|x64.Build.0 = Debug|Any CPU
		{EED5E2E1-3CCB-4F3F-BA54-EFBE524CC7EB}.Debug|x86.ActiveCfg = Debug|Any CPU
		{EED5E2E1-3CCB-4F3F-BA54-EFBE524CC7EB}.Debug|x86.Build.0 = Debug|Any CPU
		{EED5E2E1-3CCB-4F3F-BA54-EFBE524CC7EB}.Release|Any CPU.ActiveCfg = Release|Any CPU
		{EED5E2E1-3CCB-4F3F-BA54-EFBE524CC7EB}.Release|Any CPU.Build.0 = Release|Any CPU
		{EED5E2E1-3CCB-4F3F-BA54-EFBE524CC7EB}.Release|x64.ActiveCfg = Release|Any CPU
		{EED5E2E1-3CCB-4F3F-BA54-EFBE524CC7EB}.Release|x64.Build.0 = Release|Any CPU
		{EED5E2E1-3CCB-4F3F-BA54-EFBE524CC7EB}.Release|x86.ActiveCfg = Release|Any CPU
		{EED5E2E1-3CCB-4F3F-BA54-EFBE524CC7EB}.Release|x86.Build.0 = Release|Any CPU
		{F423D69E-199B-4F93-BE98-C6BE6B89F674}.Debug|Any CPU.ActiveCfg = Debug|Any CPU
		{F423D69E-199B-4F93-BE98-C6BE6B89F674}.Debug|Any CPU.Build.0 = Debug|Any CPU
		{F423D69E-199B-4F93-BE98-C6BE6B89F674}.Debug|x64.ActiveCfg = Debug|Any CPU
		{F423D69E-199B-4F93-BE98-C6BE6B89F674}.Debug|x64.Build.0 = Debug|Any CPU
		{F423D69E-199B-4F93-BE98-C6BE6B89F674}.Debug|x86.ActiveCfg = Debug|Any CPU
		{F423D69E-199B-4F93-BE98-C6BE6B89F674}.Debug|x86.Build.0 = Debug|Any CPU
		{F423D69E-199B-4F93-BE98-C6BE6B89F674}.Release|Any CPU.ActiveCfg = Release|Any CPU
		{F423D69E-199B-4F93-BE98-C6BE6B89F674}.Release|Any CPU.Build.0 = Release|Any CPU
		{F423D69E-199B-4F93-BE98-C6BE6B89F674}.Release|x64.ActiveCfg = Release|Any CPU
		{F423D69E-199B-4F93-BE98-C6BE6B89F674}.Release|x64.Build.0 = Release|Any CPU
		{F423D69E-199B-4F93-BE98-C6BE6B89F674}.Release|x86.ActiveCfg = Release|Any CPU
		{F423D69E-199B-4F93-BE98-C6BE6B89F674}.Release|x86.Build.0 = Release|Any CPU
		{3483CAB2-D18C-4392-95FA-ACF8D136DB9B}.Debug|Any CPU.ActiveCfg = Debug|Any CPU
		{3483CAB2-D18C-4392-95FA-ACF8D136DB9B}.Debug|Any CPU.Build.0 = Debug|Any CPU
		{3483CAB2-D18C-4392-95FA-ACF8D136DB9B}.Debug|x64.ActiveCfg = Debug|Any CPU
		{3483CAB2-D18C-4392-95FA-ACF8D136DB9B}.Debug|x64.Build.0 = Debug|Any CPU
		{3483CAB2-D18C-4392-95FA-ACF8D136DB9B}.Debug|x86.ActiveCfg = Debug|Any CPU
		{3483CAB2-D18C-4392-95FA-ACF8D136DB9B}.Debug|x86.Build.0 = Debug|Any CPU
		{3483CAB2-D18C-4392-95FA-ACF8D136DB9B}.Release|Any CPU.ActiveCfg = Release|Any CPU
		{3483CAB2-D18C-4392-95FA-ACF8D136DB9B}.Release|Any CPU.Build.0 = Release|Any CPU
		{3483CAB2-D18C-4392-95FA-ACF8D136DB9B}.Release|x64.ActiveCfg = Release|Any CPU
		{3483CAB2-D18C-4392-95FA-ACF8D136DB9B}.Release|x64.Build.0 = Release|Any CPU
		{3483CAB2-D18C-4392-95FA-ACF8D136DB9B}.Release|x86.ActiveCfg = Release|Any CPU
		{3483CAB2-D18C-4392-95FA-ACF8D136DB9B}.Release|x86.Build.0 = Release|Any CPU
		{39E7A70D-8C1B-45C9-B52E-B0D6F531E133}.Debug|Any CPU.ActiveCfg = Debug|Any CPU
		{39E7A70D-8C1B-45C9-B52E-B0D6F531E133}.Debug|Any CPU.Build.0 = Debug|Any CPU
		{39E7A70D-8C1B-45C9-B52E-B0D6F531E133}.Debug|x64.ActiveCfg = Debug|Any CPU
		{39E7A70D-8C1B-45C9-B52E-B0D6F531E133}.Debug|x64.Build.0 = Debug|Any CPU
		{39E7A70D-8C1B-45C9-B52E-B0D6F531E133}.Debug|x86.ActiveCfg = Debug|Any CPU
		{39E7A70D-8C1B-45C9-B52E-B0D6F531E133}.Debug|x86.Build.0 = Debug|Any CPU
		{39E7A70D-8C1B-45C9-B52E-B0D6F531E133}.Release|Any CPU.ActiveCfg = Release|Any CPU
		{39E7A70D-8C1B-45C9-B52E-B0D6F531E133}.Release|Any CPU.Build.0 = Release|Any CPU
		{39E7A70D-8C1B-45C9-B52E-B0D6F531E133}.Release|x64.ActiveCfg = Release|Any CPU
		{39E7A70D-8C1B-45C9-B52E-B0D6F531E133}.Release|x64.Build.0 = Release|Any CPU
		{39E7A70D-8C1B-45C9-B52E-B0D6F531E133}.Release|x86.ActiveCfg = Release|Any CPU
		{39E7A70D-8C1B-45C9-B52E-B0D6F531E133}.Release|x86.Build.0 = Release|Any CPU
		{DDF59E66-198A-44C5-83DB-285BA8FB65AA}.Debug|Any CPU.ActiveCfg = Debug|Any CPU
		{DDF59E66-198A-44C5-83DB-285BA8FB65AA}.Debug|Any CPU.Build.0 = Debug|Any CPU
		{DDF59E66-198A-44C5-83DB-285BA8FB65AA}.Debug|x64.ActiveCfg = Debug|Any CPU
		{DDF59E66-198A-44C5-83DB-285BA8FB65AA}.Debug|x64.Build.0 = Debug|Any CPU
		{DDF59E66-198A-44C5-83DB-285BA8FB65AA}.Debug|x86.ActiveCfg = Debug|Any CPU
		{DDF59E66-198A-44C5-83DB-285BA8FB65AA}.Debug|x86.Build.0 = Debug|Any CPU
		{DDF59E66-198A-44C5-83DB-285BA8FB65AA}.Release|Any CPU.ActiveCfg = Release|Any CPU
		{DDF59E66-198A-44C5-83DB-285BA8FB65AA}.Release|Any CPU.Build.0 = Release|Any CPU
		{DDF59E66-198A-44C5-83DB-285BA8FB65AA}.Release|x64.ActiveCfg = Release|Any CPU
		{DDF59E66-198A-44C5-83DB-285BA8FB65AA}.Release|x64.Build.0 = Release|Any CPU
		{DDF59E66-198A-44C5-83DB-285BA8FB65AA}.Release|x86.ActiveCfg = Release|Any CPU
		{DDF59E66-198A-44C5-83DB-285BA8FB65AA}.Release|x86.Build.0 = Release|Any CPU
		{8485BDD0-A047-4B97-9A2B-CF56B6F41268}.Debug|Any CPU.ActiveCfg = Debug|Any CPU
		{8485BDD0-A047-4B97-9A2B-CF56B6F41268}.Debug|Any CPU.Build.0 = Debug|Any CPU
		{8485BDD0-A047-4B97-9A2B-CF56B6F41268}.Debug|x64.ActiveCfg = Debug|Any CPU
		{8485BDD0-A047-4B97-9A2B-CF56B6F41268}.Debug|x64.Build.0 = Debug|Any CPU
		{8485BDD0-A047-4B97-9A2B-CF56B6F41268}.Debug|x86.ActiveCfg = Debug|Any CPU
		{8485BDD0-A047-4B97-9A2B-CF56B6F41268}.Debug|x86.Build.0 = Debug|Any CPU
		{8485BDD0-A047-4B97-9A2B-CF56B6F41268}.Release|Any CPU.ActiveCfg = Release|Any CPU
		{8485BDD0-A047-4B97-9A2B-CF56B6F41268}.Release|Any CPU.Build.0 = Release|Any CPU
		{8485BDD0-A047-4B97-9A2B-CF56B6F41268}.Release|x64.ActiveCfg = Release|Any CPU
		{8485BDD0-A047-4B97-9A2B-CF56B6F41268}.Release|x64.Build.0 = Release|Any CPU
		{8485BDD0-A047-4B97-9A2B-CF56B6F41268}.Release|x86.ActiveCfg = Release|Any CPU
		{8485BDD0-A047-4B97-9A2B-CF56B6F41268}.Release|x86.Build.0 = Release|Any CPU
	EndGlobalSection
	GlobalSection(SolutionProperties) = preSolution
		HideSolutionNode = FALSE
	EndGlobalSection
	GlobalSection(NestedProjects) = preSolution
		{3EFFF6FF-4974-7DAD-7A47-3454810B7C64} = {095297DD-7E59-39B0-4485-9E20BDAB8DD3}
		{6D5BA26C-B3E4-1B53-6C18-4338AECD06A1} = {095297DD-7E59-39B0-4485-9E20BDAB8DD3}
		{F9F0AA16-DDAA-44BF-B35E-66350AA12123} = {A1B3DA4F-7E4D-9C63-7271-7C9E534D4ACE}
		{F8B57E38-FC0F-4CC5-B9CB-65C23DCC8122} = {4834DEED-D912-4C62-00B2-BFDCE46F1969}
		{EB5EE8F9-9F3E-4A4D-A4F4-D18EA75B013C} = {4834DEED-D912-4C62-00B2-BFDCE46F1969}
		{977FD876-226F-4E12-496E-C20DD61C8F54} = {A1B3DA4F-7E4D-9C63-7271-7C9E534D4ACE}
		{8A7AA551-B239-4563-95EA-739108256CCF} = {977FD876-226F-4E12-496E-C20DD61C8F54}
		{D80DF9F7-9286-4B81-9262-098AE4253074} = {977FD876-226F-4E12-496E-C20DD61C8F54}
		{2A60ED08-DF6A-465A-9278-3E7A29DD19D7} = {3B5D37C4-14E9-98C2-EA43-CA1FE4307D5C}
		{31F49B7B-4D8F-4D5E-9FD4-AD4DE0A29C98} = {3B5D37C4-14E9-98C2-EA43-CA1FE4307D5C}
		{EED5E2E1-3CCB-4F3F-BA54-EFBE524CC7EB} = {B96CCE08-1C38-8A9E-7DA8-FF947380B7BC}
		{F423D69E-199B-4F93-BE98-C6BE6B89F674} = {B96CCE08-1C38-8A9E-7DA8-FF947380B7BC}
		{3483CAB2-D18C-4392-95FA-ACF8D136DB9B} = {3B29669B-F5DF-6FC0-8B71-3E0628FFB2E3}
		{39E7A70D-8C1B-45C9-B52E-B0D6F531E133} = {D69920D8-D363-8EAD-A566-BB804A3AA91B}
		{DDF59E66-198A-44C5-83DB-285BA8FB65AA} = {D69920D8-D363-8EAD-A566-BB804A3AA91B}
		{8485BDD0-A047-4B97-9A2B-CF56B6F41268} = {D69920D8-D363-8EAD-A566-BB804A3AA91B}
	EndGlobalSection
	GlobalSection(ExtensibilityGlobals) = postSolution
		SolutionGuid = {7A728D32-8823-4643-B5BD-45A8F0B9F185}
	EndGlobalSection
EndGlobal
